// !$*UTF8*$!
{
	archiveVersion = 1;
	classes = {
	};
	objectVersion = 50;
	objects = {

/* Begin PBXBuildFile section */
		1B00473B265919E80053DEFD /* DBNetworking.swift in Sources */ = {isa = PBXBuildFile; fileRef = 1B00473A265919E80053DEFD /* DBNetworking.swift */; };
		1B00473E2659202E0053DEFD /* Users.swift in Sources */ = {isa = PBXBuildFile; fileRef = 1B00473D2659202E0053DEFD /* Users.swift */; };
		1B00F17C266B7ACC009F4D0E /* LoginHelper.swift in Sources */ = {isa = PBXBuildFile; fileRef = 1B00F17B266B7ACC009F4D0E /* LoginHelper.swift */; };
		1B00F180266B89F8009F4D0E /* SplashController.swift in Sources */ = {isa = PBXBuildFile; fileRef = 1B00F17F266B89F8009F4D0E /* SplashController.swift */; };
		1B1708B7263416A400ACD20F /* AppDelegate.swift in Sources */ = {isa = PBXBuildFile; fileRef = 1B1708B6263416A400ACD20F /* AppDelegate.swift */; };
		1B1708B9263416A400ACD20F /* WelcomeController.swift in Sources */ = {isa = PBXBuildFile; fileRef = 1B1708B8263416A400ACD20F /* WelcomeController.swift */; };
		1B1708BC263416A400ACD20F /* Main.storyboard in Resources */ = {isa = PBXBuildFile; fileRef = 1B1708BA263416A400ACD20F /* Main.storyboard */; };
		1B1708BE263416A600ACD20F /* Assets.xcassets in Resources */ = {isa = PBXBuildFile; fileRef = 1B1708BD263416A600ACD20F /* Assets.xcassets */; };
		1B1708C1263416A600ACD20F /* LaunchScreen.storyboard in Resources */ = {isa = PBXBuildFile; fileRef = 1B1708BF263416A600ACD20F /* LaunchScreen.storyboard */; };
		1B87D7C826469E6600CC68BB /* LoginController.swift in Sources */ = {isa = PBXBuildFile; fileRef = 1B87D7C726469E6600CC68BB /* LoginController.swift */; };
		1B87D7CD2646A97E00CC68BB /* UIHelper.swift in Sources */ = {isa = PBXBuildFile; fileRef = 1B87D7CC2646A97E00CC68BB /* UIHelper.swift */; };
		1B889F22264FC8A700D9B47D /* HomeController.swift in Sources */ = {isa = PBXBuildFile; fileRef = 1B889F21264FC8A700D9B47D /* HomeController.swift */; };
		1B889F24264FDE7600D9B47D /* AlertHelper.swift in Sources */ = {isa = PBXBuildFile; fileRef = 1B889F23264FDE7600D9B47D /* AlertHelper.swift */; };
		1BFD6FD92674A3F800788F67 /* ProfileController.swift in Sources */ = {isa = PBXBuildFile; fileRef = 1BFD6FD82674A3F800788F67 /* ProfileController.swift */; };
		1BFD6FDB2674AECF00788F67 /* Event.swift in Sources */ = {isa = PBXBuildFile; fileRef = 1BFD6FDA2674AECF00788F67 /* Event.swift */; };
/* End PBXBuildFile section */

/* Begin PBXFileReference section */
		1B00473A265919E80053DEFD /* DBNetworking.swift */ = {isa = PBXFileReference; fileEncoding = 4; lastKnownFileType = sourcecode.swift; path = DBNetworking.swift; sourceTree = "<group>"; };
		1B00473D2659202E0053DEFD /* Users.swift */ = {isa = PBXFileReference; lastKnownFileType = sourcecode.swift; path = Users.swift; sourceTree = "<group>"; };
		1B00F17B266B7ACC009F4D0E /* LoginHelper.swift */ = {isa = PBXFileReference; lastKnownFileType = sourcecode.swift; path = LoginHelper.swift; sourceTree = "<group>"; };
		1B00F17F266B89F8009F4D0E /* SplashController.swift */ = {isa = PBXFileReference; lastKnownFileType = sourcecode.swift; path = SplashController.swift; sourceTree = "<group>"; };
		1B1708B3263416A400ACD20F /* Eventi.app */ = {isa = PBXFileReference; explicitFileType = wrapper.application; includeInIndex = 0; path = Eventi.app; sourceTree = BUILT_PRODUCTS_DIR; };
		1B1708B6263416A400ACD20F /* AppDelegate.swift */ = {isa = PBXFileReference; lastKnownFileType = sourcecode.swift; path = AppDelegate.swift; sourceTree = "<group>"; };
		1B1708B8263416A400ACD20F /* WelcomeController.swift */ = {isa = PBXFileReference; lastKnownFileType = sourcecode.swift; path = WelcomeController.swift; sourceTree = "<group>"; };
		1B1708BB263416A400ACD20F /* Base */ = {isa = PBXFileReference; lastKnownFileType = file.storyboard; name = Base; path = Base.lproj/Main.storyboard; sourceTree = "<group>"; };
		1B1708BD263416A600ACD20F /* Assets.xcassets */ = {isa = PBXFileReference; lastKnownFileType = folder.assetcatalog; path = Assets.xcassets; sourceTree = "<group>"; };
		1B1708C0263416A600ACD20F /* Base */ = {isa = PBXFileReference; lastKnownFileType = file.storyboard; name = Base; path = Base.lproj/LaunchScreen.storyboard; sourceTree = "<group>"; };
		1B1708C2263416A600ACD20F /* Info.plist */ = {isa = PBXFileReference; lastKnownFileType = text.plist.xml; path = Info.plist; sourceTree = "<group>"; };
		1B1708C826341CF900ACD20F /* Roboto-Regular.ttf */ = {isa = PBXFileReference; lastKnownFileType = file; path = "Roboto-Regular.ttf"; sourceTree = "<group>"; };
		1B1708C926341CF900ACD20F /* Roboto-Bold.ttf */ = {isa = PBXFileReference; lastKnownFileType = file; path = "Roboto-Bold.ttf"; sourceTree = "<group>"; };
		1B1708CA26341CF900ACD20F /* Roboto-Light.ttf */ = {isa = PBXFileReference; lastKnownFileType = file; path = "Roboto-Light.ttf"; sourceTree = "<group>"; };
		1B1708CB26341CFA00ACD20F /* Roboto-Medium.ttf */ = {isa = PBXFileReference; lastKnownFileType = file; path = "Roboto-Medium.ttf"; sourceTree = "<group>"; };
		1B87D7C726469E6600CC68BB /* LoginController.swift */ = {isa = PBXFileReference; lastKnownFileType = sourcecode.swift; path = LoginController.swift; sourceTree = "<group>"; };
		1B87D7CC2646A97E00CC68BB /* UIHelper.swift */ = {isa = PBXFileReference; lastKnownFileType = sourcecode.swift; path = UIHelper.swift; sourceTree = "<group>"; };
		1B889F21264FC8A700D9B47D /* HomeController.swift */ = {isa = PBXFileReference; lastKnownFileType = sourcecode.swift; path = HomeController.swift; sourceTree = "<group>"; };
		1B889F23264FDE7600D9B47D /* AlertHelper.swift */ = {isa = PBXFileReference; lastKnownFileType = sourcecode.swift; path = AlertHelper.swift; sourceTree = "<group>"; };
		1BFD6FD82674A3F800788F67 /* ProfileController.swift */ = {isa = PBXFileReference; lastKnownFileType = sourcecode.swift; path = ProfileController.swift; sourceTree = "<group>"; };
		1BFD6FDA2674AECF00788F67 /* Event.swift */ = {isa = PBXFileReference; lastKnownFileType = sourcecode.swift; path = Event.swift; sourceTree = "<group>"; };
/* End PBXFileReference section */

/* Begin PBXFrameworksBuildPhase section */
		1B1708B0263416A400ACD20F /* Frameworks */ = {
			isa = PBXFrameworksBuildPhase;
			buildActionMask = 2147483647;
			files = (
			);
			runOnlyForDeploymentPostprocessing = 0;
		};
/* End PBXFrameworksBuildPhase section */

/* Begin PBXGroup section */
		1B004739265919A50053DEFD /* Network */ = {
			isa = PBXGroup;
			children = (
				1B00473A265919E80053DEFD /* DBNetworking.swift */,
			);
			path = Network;
			sourceTree = "<group>";
		};
		1B00473C26591FD80053DEFD /* Models */ = {
			isa = PBXGroup;
			children = (
				1B00473D2659202E0053DEFD /* Users.swift */,
				1BFD6FDA2674AECF00788F67 /* Event.swift */,
			);
			path = Models;
			sourceTree = "<group>";
		};
		1B1708AA263416A400ACD20F = {
			isa = PBXGroup;
			children = (
				1B1708B5263416A400ACD20F /* Eventi */,
				1B1708B4263416A400ACD20F /* Products */,
				1B1708CC26341D3D00ACD20F /* fonts */,
			);
			sourceTree = "<group>";
		};
		1B1708B4263416A400ACD20F /* Products */ = {
			isa = PBXGroup;
			children = (
				1B1708B3263416A400ACD20F /* Eventi.app */,
			);
			name = Products;
			sourceTree = "<group>";
		};
		1B1708B5263416A400ACD20F /* Eventi */ = {
			isa = PBXGroup;
			children = (
				1B1708B6263416A400ACD20F /* AppDelegate.swift */,
				1B004739265919A50053DEFD /* Network */,
				1B00473C26591FD80053DEFD /* Models */,
				1B87D7CB2646A93C00CC68BB /* Helpers */,
				1B87D7C926469EA900CC68BB /* Controller */,
				1B87D7CA26469EC400CC68BB /* Storyboards */,
				1B1708BD263416A600ACD20F /* Assets.xcassets */,
				1B1708C2263416A600ACD20F /* Info.plist */,
			);
			path = Eventi;
			sourceTree = "<group>";
		};
		1B1708CC26341D3D00ACD20F /* fonts */ = {
			isa = PBXGroup;
			children = (
				1B1708CA26341CF900ACD20F /* Roboto-Light.ttf */,
				1B1708CB26341CFA00ACD20F /* Roboto-Medium.ttf */,
				1B1708C826341CF900ACD20F /* Roboto-Regular.ttf */,
				1B1708C926341CF900ACD20F /* Roboto-Bold.ttf */,
			);
			path = fonts;
			sourceTree = "<group>";
		};
		1B87D7C926469EA900CC68BB /* Controller */ = {
			isa = PBXGroup;
			children = (
				1B1708B8263416A400ACD20F /* WelcomeController.swift */,
				1B87D7C726469E6600CC68BB /* LoginController.swift */,
				1B889F21264FC8A700D9B47D /* HomeController.swift */,
				1B00F17F266B89F8009F4D0E /* SplashController.swift */,
				1BFD6FD82674A3F800788F67 /* ProfileController.swift */,
			);
			path = Controller;
			sourceTree = "<group>";
		};
		1B87D7CA26469EC400CC68BB /* Storyboards */ = {
			isa = PBXGroup;
			children = (
				1B1708BA263416A400ACD20F /* Main.storyboard */,
				1B1708BF263416A600ACD20F /* LaunchScreen.storyboard */,
			);
			path = Storyboards;
			sourceTree = "<group>";
		};
		1B87D7CB2646A93C00CC68BB /* Helpers */ = {
			isa = PBXGroup;
			children = (
				1B87D7CC2646A97E00CC68BB /* UIHelper.swift */,
				1B889F23264FDE7600D9B47D /* AlertHelper.swift */,
				1B00F17B266B7ACC009F4D0E /* LoginHelper.swift */,
			);
			path = Helpers;
			sourceTree = "<group>";
		};
/* End PBXGroup section */

/* Begin PBXNativeTarget section */
		1B1708B2263416A400ACD20F /* Eventi */ = {
			isa = PBXNativeTarget;
			buildConfigurationList = 1B1708C5263416A600ACD20F /* Build configuration list for PBXNativeTarget "Eventi" */;
			buildPhases = (
				1B1708AF263416A400ACD20F /* Sources */,
				1B1708B0263416A400ACD20F /* Frameworks */,
				1B1708B1263416A400ACD20F /* Resources */,
			);
			buildRules = (
			);
			dependencies = (
			);
			name = Eventi;
			productName = Eventi;
			productReference = 1B1708B3263416A400ACD20F /* Eventi.app */;
			productType = "com.apple.product-type.application";
		};
/* End PBXNativeTarget section */

/* Begin PBXProject section */
		1B1708AB263416A400ACD20F /* Project object */ = {
			isa = PBXProject;
			attributes = {
				LastSwiftUpdateCheck = 1010;
				LastUpgradeCheck = 1010;
				ORGANIZATIONNAME = "Larisa Pantazi";
				TargetAttributes = {
					1B1708B2263416A400ACD20F = {
						CreatedOnToolsVersion = 10.1;
					};
				};
			};
			buildConfigurationList = 1B1708AE263416A400ACD20F /* Build configuration list for PBXProject "Eventi" */;
			compatibilityVersion = "Xcode 9.3";
			developmentRegion = en;
			hasScannedForEncodings = 0;
			knownRegions = (
				en,
				Base,
			);
			mainGroup = 1B1708AA263416A400ACD20F;
			productRefGroup = 1B1708B4263416A400ACD20F /* Products */;
			projectDirPath = "";
			projectRoot = "";
			targets = (
				1B1708B2263416A400ACD20F /* Eventi */,
			);
		};
/* End PBXProject section */

/* Begin PBXResourcesBuildPhase section */
		1B1708B1263416A400ACD20F /* Resources */ = {
			isa = PBXResourcesBuildPhase;
			buildActionMask = 2147483647;
			files = (
				1B1708C1263416A600ACD20F /* LaunchScreen.storyboard in Resources */,
				1B1708BE263416A600ACD20F /* Assets.xcassets in Resources */,
				1B1708BC263416A400ACD20F /* Main.storyboard in Resources */,
			);
			runOnlyForDeploymentPostprocessing = 0;
		};
/* End PBXResourcesBuildPhase section */

/* Begin PBXSourcesBuildPhase section */
		1B1708AF263416A400ACD20F /* Sources */ = {
			isa = PBXSourcesBuildPhase;
			buildActionMask = 2147483647;
			files = (
				1B00473E2659202E0053DEFD /* Users.swift in Sources */,
				1B889F24264FDE7600D9B47D /* AlertHelper.swift in Sources */,
				1B1708B9263416A400ACD20F /* WelcomeController.swift in Sources */,
				1B889F22264FC8A700D9B47D /* HomeController.swift in Sources */,
				1BFD6FDB2674AECF00788F67 /* Event.swift in Sources */,
				1B00F180266B89F8009F4D0E /* SplashController.swift in Sources */,
				1B87D7C826469E6600CC68BB /* LoginController.swift in Sources */,
				1B1708B7263416A400ACD20F /* AppDelegate.swift in Sources */,
				1BFD6FD92674A3F800788F67 /* ProfileController.swift in Sources */,
				1B87D7CD2646A97E00CC68BB /* UIHelper.swift in Sources */,
				1B00473B265919E80053DEFD /* DBNetworking.swift in Sources */,
				1B00F17C266B7ACC009F4D0E /* LoginHelper.swift in Sources */,
			);
			runOnlyForDeploymentPostprocessing = 0;
		};
/* End PBXSourcesBuildPhase section */

/* Begin PBXVariantGroup section */
		1B1708BA263416A400ACD20F /* Main.storyboard */ = {
			isa = PBXVariantGroup;
			children = (
				1B1708BB263416A400ACD20F /* Base */,
			);
			name = Main.storyboard;
			sourceTree = "<group>";
		};
		1B1708BF263416A600ACD20F /* LaunchScreen.storyboard */ = {
			isa = PBXVariantGroup;
			children = (
				1B1708C0263416A600ACD20F /* Base */,
			);
			name = LaunchScreen.storyboard;
			sourceTree = "<group>";
		};
/* End PBXVariantGroup section */

/* Begin XCBuildConfiguration section */
		1B1708C3263416A600ACD20F /* Debug */ = {
			isa = XCBuildConfiguration;
			buildSettings = {
				ALWAYS_SEARCH_USER_PATHS = NO;
				CLANG_ANALYZER_NONNULL = YES;
				CLANG_ANALYZER_NUMBER_OBJECT_CONVERSION = YES_AGGRESSIVE;
				CLANG_CXX_LANGUAGE_STANDARD = "gnu++14";
				CLANG_CXX_LIBRARY = "libc++";
				CLANG_ENABLE_MODULES = YES;
				CLANG_ENABLE_OBJC_ARC = YES;
				CLANG_ENABLE_OBJC_WEAK = YES;
				CLANG_WARN_BLOCK_CAPTURE_AUTORELEASING = YES;
				CLANG_WARN_BOOL_CONVERSION = YES;
				CLANG_WARN_COMMA = YES;
				CLANG_WARN_CONSTANT_CONVERSION = YES;
				CLANG_WARN_DEPRECATED_OBJC_IMPLEMENTATIONS = YES;
				CLANG_WARN_DIRECT_OBJC_ISA_USAGE = YES_ERROR;
				CLANG_WARN_DOCUMENTATION_COMMENTS = YES;
				CLANG_WARN_EMPTY_BODY = YES;
				CLANG_WARN_ENUM_CONVERSION = YES;
				CLANG_WARN_INFINITE_RECURSION = YES;
				CLANG_WARN_INT_CONVERSION = YES;
				CLANG_WARN_NON_LITERAL_NULL_CONVERSION = YES;
				CLANG_WARN_OBJC_IMPLICIT_RETAIN_SELF = YES;
				CLANG_WARN_OBJC_LITERAL_CONVERSION = YES;
				CLANG_WARN_OBJC_ROOT_CLASS = YES_ERROR;
				CLANG_WARN_RANGE_LOOP_ANALYSIS = YES;
				CLANG_WARN_STRICT_PROTOTYPES = YES;
				CLANG_WARN_SUSPICIOUS_MOVE = YES;
				CLANG_WARN_UNGUARDED_AVAILABILITY = YES_AGGRESSIVE;
				CLANG_WARN_UNREACHABLE_CODE = YES;
				CLANG_WARN__DUPLICATE_METHOD_MATCH = YES;
				CODE_SIGN_IDENTITY = "iPhone Developer";
				COPY_PHASE_STRIP = NO;
				DEBUG_INFORMATION_FORMAT = dwarf;
				ENABLE_STRICT_OBJC_MSGSEND = YES;
				ENABLE_TESTABILITY = YES;
				GCC_C_LANGUAGE_STANDARD = gnu11;
				GCC_DYNAMIC_NO_PIC = NO;
				GCC_NO_COMMON_BLOCKS = YES;
				GCC_OPTIMIZATION_LEVEL = 0;
				GCC_PREPROCESSOR_DEFINITIONS = (
					"DEBUG=1",
					"$(inherited)",
				);
				GCC_WARN_64_TO_32_BIT_CONVERSION = YES;
				GCC_WARN_ABOUT_RETURN_TYPE = YES_ERROR;
				GCC_WARN_UNDECLARED_SELECTOR = YES;
				GCC_WARN_UNINITIALIZED_AUTOS = YES_AGGRESSIVE;
				GCC_WARN_UNUSED_FUNCTION = YES;
				GCC_WARN_UNUSED_VARIABLE = YES;
				IPHONEOS_DEPLOYMENT_TARGET = 12.1;
				MTL_ENABLE_DEBUG_INFO = INCLUDE_SOURCE;
				MTL_FAST_MATH = YES;
				ONLY_ACTIVE_ARCH = YES;
				SDKROOT = iphoneos;
				SWIFT_ACTIVE_COMPILATION_CONDITIONS = DEBUG;
				SWIFT_OPTIMIZATION_LEVEL = "-Onone";
			};
			name = Debug;
		};
		1B1708C4263416A600ACD20F /* Release */ = {
			isa = XCBuildConfiguration;
			buildSettings = {
				ALWAYS_SEARCH_USER_PATHS = NO;
				CLANG_ANALYZER_NONNULL = YES;
				CLANG_ANALYZER_NUMBER_OBJECT_CONVERSION = YES_AGGRESSIVE;
				CLANG_CXX_LANGUAGE_STANDARD = "gnu++14";
				CLANG_CXX_LIBRARY = "libc++";
				CLANG_ENABLE_MODULES = YES;
				CLANG_ENABLE_OBJC_ARC = YES;
				CLANG_ENABLE_OBJC_WEAK = YES;
				CLANG_WARN_BLOCK_CAPTURE_AUTORELEASING = YES;
				CLANG_WARN_BOOL_CONVERSION = YES;
				CLANG_WARN_COMMA = YES;
				CLANG_WARN_CONSTANT_CONVERSION = YES;
				CLANG_WARN_DEPRECATED_OBJC_IMPLEMENTATIONS = YES;
				CLANG_WARN_DIRECT_OBJC_ISA_USAGE = YES_ERROR;
				CLANG_WARN_DOCUMENTATION_COMMENTS = YES;
				CLANG_WARN_EMPTY_BODY = YES;
				CLANG_WARN_ENUM_CONVERSION = YES;
				CLANG_WARN_INFINITE_RECURSION = YES;
				CLANG_WARN_INT_CONVERSION = YES;
				CLANG_WARN_NON_LITERAL_NULL_CONVERSION = YES;
				CLANG_WARN_OBJC_IMPLICIT_RETAIN_SELF = YES;
				CLANG_WARN_OBJC_LITERAL_CONVERSION = YES;
				CLANG_WARN_OBJC_ROOT_CLASS = YES_ERROR;
				CLANG_WARN_RANGE_LOOP_ANALYSIS = YES;
				CLANG_WARN_STRICT_PROTOTYPES = YES;
				CLANG_WARN_SUSPICIOUS_MOVE = YES;
				CLANG_WARN_UNGUARDED_AVAILABILITY = YES_AGGRESSIVE;
				CLANG_WARN_UNREACHABLE_CODE = YES;
				CLANG_WARN__DUPLICATE_METHOD_MATCH = YES;
				CODE_SIGN_IDENTITY = "iPhone Developer";
				COPY_PHASE_STRIP = NO;
				DEBUG_INFORMATION_FORMAT = "dwarf-with-dsym";
				ENABLE_NS_ASSERTIONS = NO;
				ENABLE_STRICT_OBJC_MSGSEND = YES;
				GCC_C_LANGUAGE_STANDARD = gnu11;
				GCC_NO_COMMON_BLOCKS = YES;
				GCC_WARN_64_TO_32_BIT_CONVERSION = YES;
				GCC_WARN_ABOUT_RETURN_TYPE = YES_ERROR;
				GCC_WARN_UNDECLARED_SELECTOR = YES;
				GCC_WARN_UNINITIALIZED_AUTOS = YES_AGGRESSIVE;
				GCC_WARN_UNUSED_FUNCTION = YES;
				GCC_WARN_UNUSED_VARIABLE = YES;
				IPHONEOS_DEPLOYMENT_TARGET = 12.1;
				MTL_ENABLE_DEBUG_INFO = NO;
				MTL_FAST_MATH = YES;
				SDKROOT = iphoneos;
				SWIFT_COMPILATION_MODE = wholemodule;
				SWIFT_OPTIMIZATION_LEVEL = "-O";
				VALIDATE_PRODUCT = YES;
			};
			name = Release;
		};
		1B1708C6263416A600ACD20F /* Debug */ = {
			isa = XCBuildConfiguration;
			buildSettings = {
				ASSETCATALOG_COMPILER_APPICON_NAME = AppIcon;
				CODE_SIGN_STYLE = Automatic;
				INFOPLIST_FILE = Eventi/Info.plist;
				LD_RUNPATH_SEARCH_PATHS = (
					"$(inherited)",
					"@executable_path/Frameworks",
				);
				PRODUCT_BUNDLE_IDENTIFIER = ied.larisapantazi.Eventi;
				PRODUCT_NAME = "$(TARGET_NAME)";
				SWIFT_VERSION = 4.2;
				TARGETED_DEVICE_FAMILY = 1;
			};
			name = Debug;
		};
		1B1708C7263416A600ACD20F /* Release */ = {
			isa = XCBuildConfiguration;
			buildSettings = {
				ASSETCATALOG_COMPILER_APPICON_NAME = AppIcon;
				CODE_SIGN_STYLE = Automatic;
				INFOPLIST_FILE = Eventi/Info.plist;
				LD_RUNPATH_SEARCH_PATHS = (
					"$(inherited)",
					"@executable_path/Frameworks",
				);
				PRODUCT_BUNDLE_IDENTIFIER = ied.larisapantazi.Eventi;
				PRODUCT_NAME = "$(TARGET_NAME)";
				SWIFT_VERSION = 4.2;
				TARGETED_DEVICE_FAMILY = 1;
			};
			name = Release;
		};
/* End XCBuildConfiguration section */

/* Begin XCConfigurationList section */
		1B1708AE263416A400ACD20F /* Build configuration list for PBXProject "Eventi" */ = {
			isa = XCConfigurationList;
			buildConfigurations = (
				1B1708C3263416A600ACD20F /* Debug */,
				1B1708C4263416A600ACD20F /* Release */,
			);
			defaultConfigurationIsVisible = 0;
			defaultConfigurationName = Release;
		};
		1B1708C5263416A600ACD20F /* Build configuration list for PBXNativeTarget "Eventi" */ = {
			isa = XCConfigurationList;
			buildConfigurations = (
				1B1708C6263416A600ACD20F /* Debug */,
				1B1708C7263416A600ACD20F /* Release */,
			);
			defaultConfigurationIsVisible = 0;
			defaultConfigurationName = Release;
		};
/* End XCConfigurationList section */
	};
	rootObject = 1B1708AB263416A400ACD20F /* Project object */;
}
